
Microsoft Visual Studio Solution File, Format Version 12.00
# Visual Studio Version 16
VisualStudioVersion = 16.0.31321.278
MinimumVisualStudioVersion = 10.0.40219.1
Project("{FAE04EC0-301F-11D3-BF4B-00C04F79EFBC}") = "Chess", "Chess\Chess.csproj", "{B07ACAA2-C74E-41BD-BA98-83BD277A5789}"
EndProject
Global
	GlobalSection(SolutionConfigurationPlatforms) = preSolution
		Debug|Any CPU = Debug|Any CPU
		Release|Any CPU = Release|Any CPU
	EndGlobalSection
	GlobalSection(ProjectConfigurationPlatforms) = postSolution
		{B07ACAA2-C74E-41BD-BA98-83BD277A5789}.Debug|Any CPU.ActiveCfg = Debug|Any CPU
		{B07ACAA2-C74E-41BD-BA98-83BD277A5789}.Debug|Any CPU.Build.0 = Debug|Any CPU
		{B07ACAA2-C74E-41BD-BA98-83BD277A5789}.Release|Any CPU.ActiveCfg = Release|Any CPU
		{B07ACAA2-C74E-41BD-BA98-83BD277A5789}.Release|Any CPU.Build.0 = Release|Any CPU
	EndGlobalSection
	GlobalSection(SolutionProperties) = preSolution
		HideSolutionNode = FALSE
	EndGlobalSection
	GlobalSection(ExtensibilityGlobals) = postSolution
		SolutionGuid = {D413A2F8-DEFB-4B89-8A1A-BB7F8E29DFDC}
	EndGlobalSection
EndGlobal
